// !$*UTF8*$!
{
	archiveVersion = 1;
	classes = {
	};
	objectVersion = 55;
	objects = {

/* Begin PBXBuildFile section */
		7C1718BE289DD157000F02AD /* Assets.xcassets in Resources */ = {isa = PBXBuildFile; fileRef = 7C1718BD289DD157000F02AD /* Assets.xcassets */; };
		7C1718FE289DD267000F02AD /* RealmManager.swift in Sources */ = {isa = PBXBuildFile; fileRef = 7C1718CA289DD265000F02AD /* RealmManager.swift */; };
		7C1718FF289DD267000F02AD /* LastSearchModel.swift in Sources */ = {isa = PBXBuildFile; fileRef = 7C1718CB289DD265000F02AD /* LastSearchModel.swift */; };
		7C171900289DD267000F02AD /* NetworkRouter.swift in Sources */ = {isa = PBXBuildFile; fileRef = 7C1718CD289DD265000F02AD /* NetworkRouter.swift */; };
		7C171901289DD267000F02AD /* NetworkManager.swift in Sources */ = {isa = PBXBuildFile; fileRef = 7C1718CE289DD265000F02AD /* NetworkManager.swift */; };
		7C171902289DD267000F02AD /* BooksResponse.swift in Sources */ = {isa = PBXBuildFile; fileRef = 7C1718D0289DD265000F02AD /* BooksResponse.swift */; };
		7C171904289DD267000F02AD /* DatabaseProtocol.swift in Sources */ = {isa = PBXBuildFile; fileRef = 7C1718D3289DD265000F02AD /* DatabaseProtocol.swift */; };
		7C171905289DD267000F02AD /* NetworkServiceProtocol.swift in Sources */ = {isa = PBXBuildFile; fileRef = 7C1718D4289DD265000F02AD /* NetworkServiceProtocol.swift */; };
		7C171907289DD267000F02AD /* ResponseType.swift in Sources */ = {isa = PBXBuildFile; fileRef = 7C1718D7289DD265000F02AD /* ResponseType.swift */; };
		7C171908289DD267000F02AD /* BookCollectionViewCell.swift in Sources */ = {isa = PBXBuildFile; fileRef = 7C1718DA289DD265000F02AD /* BookCollectionViewCell.swift */; };
		7C171909289DD267000F02AD /* BookCollectionViewCell.xib in Resources */ = {isa = PBXBuildFile; fileRef = 7C1718DB289DD265000F02AD /* BookCollectionViewCell.xib */; };
		7C17190A289DD267000F02AD /* LaunchScreen.storyboard in Resources */ = {isa = PBXBuildFile; fileRef = 7C1718DD289DD266000F02AD /* LaunchScreen.storyboard */; };
		7C17190B289DD267000F02AD /* AppDelegate.swift in Sources */ = {isa = PBXBuildFile; fileRef = 7C1718DF289DD266000F02AD /* AppDelegate.swift */; };
		7C17190C289DD267000F02AD /* SceneDelegate.swift in Sources */ = {isa = PBXBuildFile; fileRef = 7C1718E0289DD266000F02AD /* SceneDelegate.swift */; };
		7C17190D289DD267000F02AD /* NavigationRoute.swift in Sources */ = {isa = PBXBuildFile; fileRef = 7C1718E2289DD266000F02AD /* NavigationRoute.swift */; };
		7C17190E289DD267000F02AD /* Route.swift in Sources */ = {isa = PBXBuildFile; fileRef = 7C1718E3289DD266000F02AD /* Route.swift */; };
		7C17190F289DD267000F02AD /* MainViewModel.swift in Sources */ = {isa = PBXBuildFile; fileRef = 7C1718E7289DD266000F02AD /* MainViewModel.swift */; };
		7C171910289DD267000F02AD /* Main.storyboard in Resources */ = {isa = PBXBuildFile; fileRef = 7C1718E8289DD266000F02AD /* Main.storyboard */; };
		7C171911289DD267000F02AD /* MainScreenNavigationRoutes.swift in Sources */ = {isa = PBXBuildFile; fileRef = 7C1718EB289DD266000F02AD /* MainScreenNavigationRoutes.swift */; };
		7C171912289DD267000F02AD /* MainViewController.swift in Sources */ = {isa = PBXBuildFile; fileRef = 7C1718ED289DD266000F02AD /* MainViewController.swift */; };
		7C171913289DD267000F02AD /* SearchViewModel.swift in Sources */ = {isa = PBXBuildFile; fileRef = 7C1718F0289DD266000F02AD /* SearchViewModel.swift */; };
		7C171914289DD267000F02AD /* Search.storyboard in Resources */ = {isa = PBXBuildFile; fileRef = 7C1718F1289DD266000F02AD /* Search.storyboard */; };
		7C171915289DD267000F02AD /* SearchScreenNavigationRoutes.swift in Sources */ = {isa = PBXBuildFile; fileRef = 7C1718F3289DD266000F02AD /* SearchScreenNavigationRoutes.swift */; };
		7C171916289DD267000F02AD /* SearchViewController.swift in Sources */ = {isa = PBXBuildFile; fileRef = 7C1718F5289DD266000F02AD /* SearchViewController.swift */; };
		7C171917289DD267000F02AD /* BookDetails.storyboard in Resources */ = {isa = PBXBuildFile; fileRef = 7C1718F7289DD266000F02AD /* BookDetails.storyboard */; };
		7C171918289DD267000F02AD /* BookDetailsViewModel.swift in Sources */ = {isa = PBXBuildFile; fileRef = 7C1718F9289DD266000F02AD /* BookDetailsViewModel.swift */; };
		7C171919289DD267000F02AD /* BookDetailsViewController.swift in Sources */ = {isa = PBXBuildFile; fileRef = 7C1718FB289DD266000F02AD /* BookDetailsViewController.swift */; };
		7C17191A289DD267000F02AD /* Constants.swift in Sources */ = {isa = PBXBuildFile; fileRef = 7C1718FD289DD267000F02AD /* Constants.swift */; };
		7C844F39289EA83F00183693 /* MainScreenRepository.swift in Sources */ = {isa = PBXBuildFile; fileRef = 7C844F38289EA83F00183693 /* MainScreenRepository.swift */; };
		7C844F3D289EAA8800183693 /* SearchRepository.swift in Sources */ = {isa = PBXBuildFile; fileRef = 7C844F3C289EAA8800183693 /* SearchRepository.swift */; };
		7C844F50289EAEDE00183693 /* MockNetworkManager.swift in Sources */ = {isa = PBXBuildFile; fileRef = 7C844F4F289EAEDE00183693 /* MockNetworkManager.swift */; };
		7C844F52289EAF7F00183693 /* MockRealmManager.swift in Sources */ = {isa = PBXBuildFile; fileRef = 7C844F51289EAF7F00183693 /* MockRealmManager.swift */; };
		7C844F58289EC04200183693 /* MainViewModelTests.swift in Sources */ = {isa = PBXBuildFile; fileRef = 7C844F57289EC04200183693 /* MainViewModelTests.swift */; };
		7C844F5A289EC13600183693 /* SearchViewModelTests.swift in Sources */ = {isa = PBXBuildFile; fileRef = 7C844F59289EC13600183693 /* SearchViewModelTests.swift */; };
		7C844F5C289EC16900183693 /* MockNetworkTests.swift in Sources */ = {isa = PBXBuildFile; fileRef = 7C844F5B289EC16900183693 /* MockNetworkTests.swift */; };
		7C844F5F289EC17600183693 /* RealNetworkTests.swift in Sources */ = {isa = PBXBuildFile; fileRef = 7C844F5E289EC17500183693 /* RealNetworkTests.swift */; };
		7C844F61289EC18500183693 /* MockDatabaseTests.swift in Sources */ = {isa = PBXBuildFile; fileRef = 7C844F60289EC18500183693 /* MockDatabaseTests.swift */; };
		7C844F63289EC18E00183693 /* RealDatabaseTests.swift in Sources */ = {isa = PBXBuildFile; fileRef = 7C844F62289EC18E00183693 /* RealDatabaseTests.swift */; };
		B31B03F36102016F9CF9C4DC /* Pods_TheChefzTask_Final.framework in Frameworks */ = {isa = PBXBuildFile; fileRef = 7F0068F74100A1971E0891A7 /* Pods_TheChefzTask_Final.framework */; };
/* End PBXBuildFile section */

/* Begin PBXContainerItemProxy section */
		7C844F46289EAE6200183693 /* PBXContainerItemProxy */ = {
			isa = PBXContainerItemProxy;
			containerPortal = 7C1718A9289DD156000F02AD /* Project object */;
			proxyType = 1;
			remoteGlobalIDString = 7C1718B0289DD156000F02AD;
			remoteInfo = "TheChefzTask-Final";
		};
/* End PBXContainerItemProxy section */

/* Begin PBXFileReference section */
		6107F7B6446EBA683CBA700F /* Pods-TheChefzTask-Final.debug.xcconfig */ = {isa = PBXFileReference; includeInIndex = 1; lastKnownFileType = text.xcconfig; name = "Pods-TheChefzTask-Final.debug.xcconfig"; path = "Target Support Files/Pods-TheChefzTask-Final/Pods-TheChefzTask-Final.debug.xcconfig"; sourceTree = "<group>"; };
		7C1718B1289DD156000F02AD /* TheChefzTask-Final.app */ = {isa = PBXFileReference; explicitFileType = wrapper.application; includeInIndex = 0; path = "TheChefzTask-Final.app"; sourceTree = BUILT_PRODUCTS_DIR; };
		7C1718BD289DD157000F02AD /* Assets.xcassets */ = {isa = PBXFileReference; lastKnownFileType = folder.assetcatalog; path = Assets.xcassets; sourceTree = "<group>"; };
		7C1718C2289DD157000F02AD /* Info.plist */ = {isa = PBXFileReference; lastKnownFileType = text.plist.xml; path = Info.plist; sourceTree = "<group>"; };
		7C1718CA289DD265000F02AD /* RealmManager.swift */ = {isa = PBXFileReference; fileEncoding = 4; lastKnownFileType = sourcecode.swift; path = RealmManager.swift; sourceTree = "<group>"; };
		7C1718CB289DD265000F02AD /* LastSearchModel.swift */ = {isa = PBXFileReference; fileEncoding = 4; lastKnownFileType = sourcecode.swift; path = LastSearchModel.swift; sourceTree = "<group>"; };
		7C1718CD289DD265000F02AD /* NetworkRouter.swift */ = {isa = PBXFileReference; fileEncoding = 4; lastKnownFileType = sourcecode.swift; path = NetworkRouter.swift; sourceTree = "<group>"; };
		7C1718CE289DD265000F02AD /* NetworkManager.swift */ = {isa = PBXFileReference; fileEncoding = 4; lastKnownFileType = sourcecode.swift; path = NetworkManager.swift; sourceTree = "<group>"; };
		7C1718D0289DD265000F02AD /* BooksResponse.swift */ = {isa = PBXFileReference; fileEncoding = 4; lastKnownFileType = sourcecode.swift; path = BooksResponse.swift; sourceTree = "<group>"; };
		7C1718D3289DD265000F02AD /* DatabaseProtocol.swift */ = {isa = PBXFileReference; fileEncoding = 4; lastKnownFileType = sourcecode.swift; path = DatabaseProtocol.swift; sourceTree = "<group>"; };
		7C1718D4289DD265000F02AD /* NetworkServiceProtocol.swift */ = {isa = PBXFileReference; fileEncoding = 4; lastKnownFileType = sourcecode.swift; path = NetworkServiceProtocol.swift; sourceTree = "<group>"; };
		7C1718D7289DD265000F02AD /* ResponseType.swift */ = {isa = PBXFileReference; fileEncoding = 4; lastKnownFileType = sourcecode.swift; path = ResponseType.swift; sourceTree = "<group>"; };
		7C1718DA289DD265000F02AD /* BookCollectionViewCell.swift */ = {isa = PBXFileReference; fileEncoding = 4; lastKnownFileType = sourcecode.swift; path = BookCollectionViewCell.swift; sourceTree = "<group>"; };
		7C1718DB289DD265000F02AD /* BookCollectionViewCell.xib */ = {isa = PBXFileReference; fileEncoding = 4; lastKnownFileType = file.xib; path = BookCollectionViewCell.xib; sourceTree = "<group>"; };
		7C1718DE289DD266000F02AD /* Base */ = {isa = PBXFileReference; lastKnownFileType = file.storyboard; name = Base; path = Base.lproj/LaunchScreen.storyboard; sourceTree = "<group>"; };
		7C1718DF289DD266000F02AD /* AppDelegate.swift */ = {isa = PBXFileReference; fileEncoding = 4; lastKnownFileType = sourcecode.swift; path = AppDelegate.swift; sourceTree = "<group>"; };
		7C1718E0289DD266000F02AD /* SceneDelegate.swift */ = {isa = PBXFileReference; fileEncoding = 4; lastKnownFileType = sourcecode.swift; path = SceneDelegate.swift; sourceTree = "<group>"; };
		7C1718E2289DD266000F02AD /* NavigationRoute.swift */ = {isa = PBXFileReference; fileEncoding = 4; lastKnownFileType = sourcecode.swift; path = NavigationRoute.swift; sourceTree = "<group>"; };
		7C1718E3289DD266000F02AD /* Route.swift */ = {isa = PBXFileReference; fileEncoding = 4; lastKnownFileType = sourcecode.swift; path = Route.swift; sourceTree = "<group>"; };
		7C1718E7289DD266000F02AD /* MainViewModel.swift */ = {isa = PBXFileReference; fileEncoding = 4; lastKnownFileType = sourcecode.swift; path = MainViewModel.swift; sourceTree = "<group>"; };
		7C1718E9289DD266000F02AD /* Base */ = {isa = PBXFileReference; lastKnownFileType = file.storyboard; name = Base; path = Base.lproj/Main.storyboard; sourceTree = "<group>"; };
		7C1718EB289DD266000F02AD /* MainScreenNavigationRoutes.swift */ = {isa = PBXFileReference; fileEncoding = 4; lastKnownFileType = sourcecode.swift; path = MainScreenNavigationRoutes.swift; sourceTree = "<group>"; };
		7C1718ED289DD266000F02AD /* MainViewController.swift */ = {isa = PBXFileReference; fileEncoding = 4; lastKnownFileType = sourcecode.swift; path = MainViewController.swift; sourceTree = "<group>"; };
		7C1718F0289DD266000F02AD /* SearchViewModel.swift */ = {isa = PBXFileReference; fileEncoding = 4; lastKnownFileType = sourcecode.swift; path = SearchViewModel.swift; sourceTree = "<group>"; };
		7C1718F1289DD266000F02AD /* Search.storyboard */ = {isa = PBXFileReference; fileEncoding = 4; lastKnownFileType = file.storyboard; path = Search.storyboard; sourceTree = "<group>"; };
		7C1718F3289DD266000F02AD /* SearchScreenNavigationRoutes.swift */ = {isa = PBXFileReference; fileEncoding = 4; lastKnownFileType = sourcecode.swift; path = SearchScreenNavigationRoutes.swift; sourceTree = "<group>"; };
		7C1718F5289DD266000F02AD /* SearchViewController.swift */ = {isa = PBXFileReference; fileEncoding = 4; lastKnownFileType = sourcecode.swift; path = SearchViewController.swift; sourceTree = "<group>"; };
		7C1718F7289DD266000F02AD /* BookDetails.storyboard */ = {isa = PBXFileReference; fileEncoding = 4; lastKnownFileType = file.storyboard; path = BookDetails.storyboard; sourceTree = "<group>"; };
		7C1718F9289DD266000F02AD /* BookDetailsViewModel.swift */ = {isa = PBXFileReference; fileEncoding = 4; lastKnownFileType = sourcecode.swift; path = BookDetailsViewModel.swift; sourceTree = "<group>"; };
		7C1718FB289DD266000F02AD /* BookDetailsViewController.swift */ = {isa = PBXFileReference; fileEncoding = 4; lastKnownFileType = sourcecode.swift; path = BookDetailsViewController.swift; sourceTree = "<group>"; };
		7C1718FD289DD267000F02AD /* Constants.swift */ = {isa = PBXFileReference; fileEncoding = 4; lastKnownFileType = sourcecode.swift; path = Constants.swift; sourceTree = "<group>"; };
		7C844F38289EA83F00183693 /* MainScreenRepository.swift */ = {isa = PBXFileReference; lastKnownFileType = sourcecode.swift; path = MainScreenRepository.swift; sourceTree = "<group>"; };
		7C844F3C289EAA8800183693 /* SearchRepository.swift */ = {isa = PBXFileReference; lastKnownFileType = sourcecode.swift; path = SearchRepository.swift; sourceTree = "<group>"; };
		7C844F42289EAE6200183693 /* TheChefzTask-FinalTests.xctest */ = {isa = PBXFileReference; explicitFileType = wrapper.cfbundle; includeInIndex = 0; path = "TheChefzTask-FinalTests.xctest"; sourceTree = BUILT_PRODUCTS_DIR; };
		7C844F4F289EAEDE00183693 /* MockNetworkManager.swift */ = {isa = PBXFileReference; lastKnownFileType = sourcecode.swift; path = MockNetworkManager.swift; sourceTree = "<group>"; };
		7C844F51289EAF7F00183693 /* MockRealmManager.swift */ = {isa = PBXFileReference; lastKnownFileType = sourcecode.swift; path = MockRealmManager.swift; sourceTree = "<group>"; };
		7C844F57289EC04200183693 /* MainViewModelTests.swift */ = {isa = PBXFileReference; lastKnownFileType = sourcecode.swift; path = MainViewModelTests.swift; sourceTree = "<group>"; };
		7C844F59289EC13600183693 /* SearchViewModelTests.swift */ = {isa = PBXFileReference; lastKnownFileType = sourcecode.swift; path = SearchViewModelTests.swift; sourceTree = "<group>"; };
		7C844F5B289EC16900183693 /* MockNetworkTests.swift */ = {isa = PBXFileReference; lastKnownFileType = sourcecode.swift; path = MockNetworkTests.swift; sourceTree = "<group>"; };
		7C844F5E289EC17500183693 /* RealNetworkTests.swift */ = {isa = PBXFileReference; lastKnownFileType = sourcecode.swift; path = RealNetworkTests.swift; sourceTree = "<group>"; };
		7C844F60289EC18500183693 /* MockDatabaseTests.swift */ = {isa = PBXFileReference; lastKnownFileType = sourcecode.swift; path = MockDatabaseTests.swift; sourceTree = "<group>"; };
		7C844F62289EC18E00183693 /* RealDatabaseTests.swift */ = {isa = PBXFileReference; lastKnownFileType = sourcecode.swift; path = RealDatabaseTests.swift; sourceTree = "<group>"; };
		7F0068F74100A1971E0891A7 /* Pods_TheChefzTask_Final.framework */ = {isa = PBXFileReference; explicitFileType = wrapper.framework; includeInIndex = 0; path = Pods_TheChefzTask_Final.framework; sourceTree = BUILT_PRODUCTS_DIR; };
		A2BC1847B1FBBACC2E8D1244 /* Pods-TheChefzTask-Final.release.xcconfig */ = {isa = PBXFileReference; includeInIndex = 1; lastKnownFileType = text.xcconfig; name = "Pods-TheChefzTask-Final.release.xcconfig"; path = "Target Support Files/Pods-TheChefzTask-Final/Pods-TheChefzTask-Final.release.xcconfig"; sourceTree = "<group>"; };
/* End PBXFileReference section */

/* Begin PBXFrameworksBuildPhase section */
		7C1718AE289DD156000F02AD /* Frameworks */ = {
			isa = PBXFrameworksBuildPhase;
			buildActionMask = 2147483647;
			files = (
				B31B03F36102016F9CF9C4DC /* Pods_TheChefzTask_Final.framework in Frameworks */,
			);
			runOnlyForDeploymentPostprocessing = 0;
		};
		7C844F3F289EAE6200183693 /* Frameworks */ = {
			isa = PBXFrameworksBuildPhase;
			buildActionMask = 2147483647;
			files = (
			);
			runOnlyForDeploymentPostprocessing = 0;
		};
/* End PBXFrameworksBuildPhase section */

/* Begin PBXGroup section */
		7C1718A8289DD156000F02AD = {
			isa = PBXGroup;
			children = (
				7C1718B3289DD156000F02AD /* TheChefzTask-Final */,
				7C844F43289EAE6200183693 /* TheChefzTask-FinalTests */,
				7C1718B2289DD156000F02AD /* Products */,
				B18BFF109F6CDA893975DB4F /* Pods */,
				7E3A749F6D733BEF38CF5FF7 /* Frameworks */,
			);
			sourceTree = "<group>";
		};
		7C1718B2289DD156000F02AD /* Products */ = {
			isa = PBXGroup;
			children = (
				7C1718B1289DD156000F02AD /* TheChefzTask-Final.app */,
				7C844F42289EAE6200183693 /* TheChefzTask-FinalTests.xctest */,
			);
			name = Products;
			sourceTree = "<group>";
		};
		7C1718B3289DD156000F02AD /* TheChefzTask-Final */ = {
			isa = PBXGroup;
			children = (
				7C17191B289DD416000F02AD /* Assets */,
				7C1718DC289DD266000F02AD /* Core */,
				7C1718D5289DD265000F02AD /* Helpers */,
				7C1718E1289DD266000F02AD /* Navigation */,
				7C1718E4289DD266000F02AD /* Scenes */,
				7C1718C8289DD265000F02AD /* Services */,
				7C1718FC289DD267000F02AD /* Utilities */,
				7C1718C2289DD157000F02AD /* Info.plist */,
			);
			path = "TheChefzTask-Final";
			sourceTree = "<group>";
		};
		7C1718C8289DD265000F02AD /* Services */ = {
			isa = PBXGroup;
			children = (
				7C844F4C289EAE7D00183693 /* MockService */,
				7C844F4B289EAE7800183693 /* RealService */,
				7C844F3A289EA99800183693 /* Models */,
				7C1718D2289DD265000F02AD /* Protocols */,
			);
			path = Services;
			sourceTree = "<group>";
		};
		7C1718C9289DD265000F02AD /* Database */ = {
			isa = PBXGroup;
			children = (
				7C1718CA289DD265000F02AD /* RealmManager.swift */,
			);
			path = Database;
			sourceTree = "<group>";
		};
		7C1718CC289DD265000F02AD /* Network */ = {
			isa = PBXGroup;
			children = (
				7C1718CE289DD265000F02AD /* NetworkManager.swift */,
				7C1718CD289DD265000F02AD /* NetworkRouter.swift */,
			);
			path = Network;
			sourceTree = "<group>";
		};
		7C1718CF289DD265000F02AD /* Responses */ = {
			isa = PBXGroup;
			children = (
				7C1718D0289DD265000F02AD /* BooksResponse.swift */,
			);
			path = Responses;
			sourceTree = "<group>";
		};
		7C1718D2289DD265000F02AD /* Protocols */ = {
			isa = PBXGroup;
			children = (
				7C1718D3289DD265000F02AD /* DatabaseProtocol.swift */,
				7C1718D4289DD265000F02AD /* NetworkServiceProtocol.swift */,
			);
			path = Protocols;
			sourceTree = "<group>";
		};
		7C1718D5289DD265000F02AD /* Helpers */ = {
			isa = PBXGroup;
			children = (
				7C1718D8289DD265000F02AD /* Cell */,
				7C1718D7289DD265000F02AD /* ResponseType.swift */,
			);
			path = Helpers;
			sourceTree = "<group>";
		};
		7C1718D8289DD265000F02AD /* Cell */ = {
			isa = PBXGroup;
			children = (
				7C1718D9289DD265000F02AD /* CollectionViewCell */,
			);
			path = Cell;
			sourceTree = "<group>";
		};
		7C1718D9289DD265000F02AD /* CollectionViewCell */ = {
			isa = PBXGroup;
			children = (
				7C1718DA289DD265000F02AD /* BookCollectionViewCell.swift */,
				7C1718DB289DD265000F02AD /* BookCollectionViewCell.xib */,
			);
			path = CollectionViewCell;
			sourceTree = "<group>";
		};
		7C1718DC289DD266000F02AD /* Core */ = {
			isa = PBXGroup;
			children = (
				7C1718DD289DD266000F02AD /* LaunchScreen.storyboard */,
				7C1718DF289DD266000F02AD /* AppDelegate.swift */,
				7C1718E0289DD266000F02AD /* SceneDelegate.swift */,
			);
			path = Core;
			sourceTree = "<group>";
		};
		7C1718E1289DD266000F02AD /* Navigation */ = {
			isa = PBXGroup;
			children = (
				7C1718E2289DD266000F02AD /* NavigationRoute.swift */,
				7C1718E3289DD266000F02AD /* Route.swift */,
			);
			path = Navigation;
			sourceTree = "<group>";
		};
		7C1718E4289DD266000F02AD /* Scenes */ = {
			isa = PBXGroup;
			children = (
				7C1718E5289DD266000F02AD /* MainScreen */,
				7C1718EE289DD266000F02AD /* SearchScreen */,
				7C1718F6289DD266000F02AD /* BookDetails */,
			);
			path = Scenes;
			sourceTree = "<group>";
		};
		7C1718E5289DD266000F02AD /* MainScreen */ = {
			isa = PBXGroup;
			children = (
				7C1718E8289DD266000F02AD /* Main.storyboard */,
				7C1718EA289DD266000F02AD /* NavigationRoutes */,
				7C844F37289EA69000183693 /* MainScreenServices */,
				7C1718E6289DD266000F02AD /* ViewModel */,
				7C1718EC289DD266000F02AD /* View */,
			);
			path = MainScreen;
			sourceTree = "<group>";
		};
		7C1718E6289DD266000F02AD /* ViewModel */ = {
			isa = PBXGroup;
			children = (
				7C1718E7289DD266000F02AD /* MainViewModel.swift */,
			);
			path = ViewModel;
			sourceTree = "<group>";
		};
		7C1718EA289DD266000F02AD /* NavigationRoutes */ = {
			isa = PBXGroup;
			children = (
				7C1718EB289DD266000F02AD /* MainScreenNavigationRoutes.swift */,
			);
			path = NavigationRoutes;
			sourceTree = "<group>";
		};
		7C1718EC289DD266000F02AD /* View */ = {
			isa = PBXGroup;
			children = (
				7C1718ED289DD266000F02AD /* MainViewController.swift */,
			);
			path = View;
			sourceTree = "<group>";
		};
		7C1718EE289DD266000F02AD /* SearchScreen */ = {
			isa = PBXGroup;
			children = (
				7C1718F1289DD266000F02AD /* Search.storyboard */,
				7C1718F2289DD266000F02AD /* NavigationRoutes */,
				7C844F3B289EAA6D00183693 /* SearchScreenServices */,
				7C1718EF289DD266000F02AD /* ViewModel */,
				7C1718F4289DD266000F02AD /* View */,
			);
			path = SearchScreen;
			sourceTree = "<group>";
		};
		7C1718EF289DD266000F02AD /* ViewModel */ = {
			isa = PBXGroup;
			children = (
				7C1718F0289DD266000F02AD /* SearchViewModel.swift */,
			);
			path = ViewModel;
			sourceTree = "<group>";
		};
		7C1718F2289DD266000F02AD /* NavigationRoutes */ = {
			isa = PBXGroup;
			children = (
				7C1718F3289DD266000F02AD /* SearchScreenNavigationRoutes.swift */,
			);
			path = NavigationRoutes;
			sourceTree = "<group>";
		};
		7C1718F4289DD266000F02AD /* View */ = {
			isa = PBXGroup;
			children = (
				7C1718F5289DD266000F02AD /* SearchViewController.swift */,
			);
			path = View;
			sourceTree = "<group>";
		};
		7C1718F6289DD266000F02AD /* BookDetails */ = {
			isa = PBXGroup;
			children = (
				7C1718F7289DD266000F02AD /* BookDetails.storyboard */,
				7C1718F8289DD266000F02AD /* ViewModel */,
				7C1718FA289DD266000F02AD /* View */,
			);
			path = BookDetails;
			sourceTree = "<group>";
		};
		7C1718F8289DD266000F02AD /* ViewModel */ = {
			isa = PBXGroup;
			children = (
				7C1718F9289DD266000F02AD /* BookDetailsViewModel.swift */,
			);
			path = ViewModel;
			sourceTree = "<group>";
		};
		7C1718FA289DD266000F02AD /* View */ = {
			isa = PBXGroup;
			children = (
				7C1718FB289DD266000F02AD /* BookDetailsViewController.swift */,
			);
			path = View;
			sourceTree = "<group>";
		};
		7C1718FC289DD267000F02AD /* Utilities */ = {
			isa = PBXGroup;
			children = (
				7C1718FD289DD267000F02AD /* Constants.swift */,
			);
			path = Utilities;
			sourceTree = "<group>";
		};
		7C17191B289DD416000F02AD /* Assets */ = {
			isa = PBXGroup;
			children = (
				7C1718BD289DD157000F02AD /* Assets.xcassets */,
			);
			path = Assets;
			sourceTree = "<group>";
		};
		7C844F37289EA69000183693 /* MainScreenServices */ = {
			isa = PBXGroup;
			children = (
				7C844F38289EA83F00183693 /* MainScreenRepository.swift */,
			);
			path = MainScreenServices;
			sourceTree = "<group>";
		};
		7C844F3A289EA99800183693 /* Models */ = {
			isa = PBXGroup;
			children = (
				7C1718CF289DD265000F02AD /* Responses */,
				7C1718CB289DD265000F02AD /* LastSearchModel.swift */,
			);
			path = Models;
			sourceTree = "<group>";
		};
		7C844F3B289EAA6D00183693 /* SearchScreenServices */ = {
			isa = PBXGroup;
			children = (
				7C844F3C289EAA8800183693 /* SearchRepository.swift */,
			);
			path = SearchScreenServices;
			sourceTree = "<group>";
		};
		7C844F43289EAE6200183693 /* TheChefzTask-FinalTests */ = {
			isa = PBXGroup;
			children = (
				7C844F55289EB05B00183693 /* Database */,
				7C844F54289EB05100183693 /* Network */,
				7C844F53289EB04E00183693 /* ViewModels */,
			);
			path = "TheChefzTask-FinalTests";
			sourceTree = "<group>";
		};
		7C844F4B289EAE7800183693 /* RealService */ = {
			isa = PBXGroup;
			children = (
				7C1718C9289DD265000F02AD /* Database */,
				7C1718CC289DD265000F02AD /* Network */,
			);
			path = RealService;
			sourceTree = "<group>";
		};
		7C844F4C289EAE7D00183693 /* MockService */ = {
			isa = PBXGroup;
			children = (
				7C844F4D289EAE8900183693 /* MockDatabase */,
				7C844F4E289EAE8C00183693 /* MockNetwork */,
			);
			path = MockService;
			sourceTree = "<group>";
		};
		7C844F4D289EAE8900183693 /* MockDatabase */ = {
			isa = PBXGroup;
			children = (
				7C844F51289EAF7F00183693 /* MockRealmManager.swift */,
			);
			path = MockDatabase;
			sourceTree = "<group>";
		};
		7C844F4E289EAE8C00183693 /* MockNetwork */ = {
			isa = PBXGroup;
			children = (
				7C844F4F289EAEDE00183693 /* MockNetworkManager.swift */,
			);
			path = MockNetwork;
			sourceTree = "<group>";
		};
		7C844F53289EB04E00183693 /* ViewModels */ = {
			isa = PBXGroup;
			children = (
				7C844F57289EC04200183693 /* MainViewModelTests.swift */,
				7C844F59289EC13600183693 /* SearchViewModelTests.swift */,
			);
			path = ViewModels;
			sourceTree = "<group>";
		};
		7C844F54289EB05100183693 /* Network */ = {
			isa = PBXGroup;
			children = (
				7C844F5B289EC16900183693 /* MockNetworkTests.swift */,
				7C844F5E289EC17500183693 /* RealNetworkTests.swift */,
			);
			path = Network;
			sourceTree = "<group>";
		};
		7C844F55289EB05B00183693 /* Database */ = {
			isa = PBXGroup;
			children = (
				7C844F60289EC18500183693 /* MockDatabaseTests.swift */,
				7C844F62289EC18E00183693 /* RealDatabaseTests.swift */,
			);
			path = Database;
			sourceTree = "<group>";
		};
		7E3A749F6D733BEF38CF5FF7 /* Frameworks */ = {
			isa = PBXGroup;
			children = (
				7F0068F74100A1971E0891A7 /* Pods_TheChefzTask_Final.framework */,
			);
			name = Frameworks;
			sourceTree = "<group>";
		};
		B18BFF109F6CDA893975DB4F /* Pods */ = {
			isa = PBXGroup;
			children = (
				6107F7B6446EBA683CBA700F /* Pods-TheChefzTask-Final.debug.xcconfig */,
				A2BC1847B1FBBACC2E8D1244 /* Pods-TheChefzTask-Final.release.xcconfig */,
			);
			path = Pods;
			sourceTree = "<group>";
		};
/* End PBXGroup section */

/* Begin PBXNativeTarget section */
		7C1718B0289DD156000F02AD /* TheChefzTask-Final */ = {
			isa = PBXNativeTarget;
			buildConfigurationList = 7C1718C5289DD157000F02AD /* Build configuration list for PBXNativeTarget "TheChefzTask-Final" */;
			buildPhases = (
				73E67737E1CF761EF9866F4D /* [CP] Check Pods Manifest.lock */,
				7C1718AD289DD156000F02AD /* Sources */,
				7C1718AE289DD156000F02AD /* Frameworks */,
				7C1718AF289DD156000F02AD /* Resources */,
				3CFD2307DD762D6D3A557BB8 /* [CP] Embed Pods Frameworks */,
			);
			buildRules = (
			);
			dependencies = (
			);
			name = "TheChefzTask-Final";
			productName = "TheChefzTask-Final";
			productReference = 7C1718B1289DD156000F02AD /* TheChefzTask-Final.app */;
			productType = "com.apple.product-type.application";
		};
		7C844F41289EAE6200183693 /* TheChefzTask-FinalTests */ = {
			isa = PBXNativeTarget;
			buildConfigurationList = 7C844F48289EAE6200183693 /* Build configuration list for PBXNativeTarget "TheChefzTask-FinalTests" */;
			buildPhases = (
				7C844F3E289EAE6200183693 /* Sources */,
				7C844F3F289EAE6200183693 /* Frameworks */,
				7C844F40289EAE6200183693 /* Resources */,
			);
			buildRules = (
			);
			dependencies = (
				7C844F47289EAE6200183693 /* PBXTargetDependency */,
			);
			name = "TheChefzTask-FinalTests";
			productName = "TheChefzTask-FinalTests";
			productReference = 7C844F42289EAE6200183693 /* TheChefzTask-FinalTests.xctest */;
			productType = "com.apple.product-type.bundle.unit-test";
		};
/* End PBXNativeTarget section */

/* Begin PBXProject section */
		7C1718A9289DD156000F02AD /* Project object */ = {
			isa = PBXProject;
			attributes = {
				BuildIndependentTargetsInParallel = 1;
				LastSwiftUpdateCheck = 1340;
				LastUpgradeCheck = 1340;
				TargetAttributes = {
					7C1718B0289DD156000F02AD = {
						CreatedOnToolsVersion = 13.4.1;
					};
					7C844F41289EAE6200183693 = {
						CreatedOnToolsVersion = 13.4.1;
						TestTargetID = 7C1718B0289DD156000F02AD;
					};
				};
			};
			buildConfigurationList = 7C1718AC289DD156000F02AD /* Build configuration list for PBXProject "TheChefzTask-Final" */;
			compatibilityVersion = "Xcode 13.0";
			developmentRegion = en;
			hasScannedForEncodings = 0;
			knownRegions = (
				en,
				Base,
			);
			mainGroup = 7C1718A8289DD156000F02AD;
			productRefGroup = 7C1718B2289DD156000F02AD /* Products */;
			projectDirPath = "";
			projectRoot = "";
			targets = (
				7C1718B0289DD156000F02AD /* TheChefzTask-Final */,
				7C844F41289EAE6200183693 /* TheChefzTask-FinalTests */,
			);
		};
/* End PBXProject section */

/* Begin PBXResourcesBuildPhase section */
		7C1718AF289DD156000F02AD /* Resources */ = {
			isa = PBXResourcesBuildPhase;
			buildActionMask = 2147483647;
			files = (
				7C17190A289DD267000F02AD /* LaunchScreen.storyboard in Resources */,
				7C1718BE289DD157000F02AD /* Assets.xcassets in Resources */,
				7C171909289DD267000F02AD /* BookCollectionViewCell.xib in Resources */,
				7C171910289DD267000F02AD /* Main.storyboard in Resources */,
				7C171917289DD267000F02AD /* BookDetails.storyboard in Resources */,
				7C171914289DD267000F02AD /* Search.storyboard in Resources */,
			);
			runOnlyForDeploymentPostprocessing = 0;
		};
		7C844F40289EAE6200183693 /* Resources */ = {
			isa = PBXResourcesBuildPhase;
			buildActionMask = 2147483647;
			files = (
			);
			runOnlyForDeploymentPostprocessing = 0;
		};
/* End PBXResourcesBuildPhase section */

/* Begin PBXShellScriptBuildPhase section */
		3CFD2307DD762D6D3A557BB8 /* [CP] Embed Pods Frameworks */ = {
			isa = PBXShellScriptBuildPhase;
			buildActionMask = 2147483647;
			files = (
			);
			inputFileListPaths = (
				"${PODS_ROOT}/Target Support Files/Pods-TheChefzTask-Final/Pods-TheChefzTask-Final-frameworks-${CONFIGURATION}-input-files.xcfilelist",
			);
			name = "[CP] Embed Pods Frameworks";
			outputFileListPaths = (
				"${PODS_ROOT}/Target Support Files/Pods-TheChefzTask-Final/Pods-TheChefzTask-Final-frameworks-${CONFIGURATION}-output-files.xcfilelist",
			);
			runOnlyForDeploymentPostprocessing = 0;
			shellPath = /bin/sh;
			shellScript = "\"${PODS_ROOT}/Target Support Files/Pods-TheChefzTask-Final/Pods-TheChefzTask-Final-frameworks.sh\"\n";
			showEnvVarsInLog = 0;
		};
		73E67737E1CF761EF9866F4D /* [CP] Check Pods Manifest.lock */ = {
			isa = PBXShellScriptBuildPhase;
			buildActionMask = 2147483647;
			files = (
			);
			inputFileListPaths = (
			);
			inputPaths = (
				"${PODS_PODFILE_DIR_PATH}/Podfile.lock",
				"${PODS_ROOT}/Manifest.lock",
			);
			name = "[CP] Check Pods Manifest.lock";
			outputFileListPaths = (
			);
			outputPaths = (
				"$(DERIVED_FILE_DIR)/Pods-TheChefzTask-Final-checkManifestLockResult.txt",
			);
			runOnlyForDeploymentPostprocessing = 0;
			shellPath = /bin/sh;
			shellScript = "diff \"${PODS_PODFILE_DIR_PATH}/Podfile.lock\" \"${PODS_ROOT}/Manifest.lock\" > /dev/null\nif [ $? != 0 ] ; then\n    # print error to STDERR\n    echo \"error: The sandbox is not in sync with the Podfile.lock. Run 'pod install' or update your CocoaPods installation.\" >&2\n    exit 1\nfi\n# This output is used by Xcode 'outputs' to avoid re-running this script phase.\necho \"SUCCESS\" > \"${SCRIPT_OUTPUT_FILE_0}\"\n";
			showEnvVarsInLog = 0;
		};
/* End PBXShellScriptBuildPhase section */

/* Begin PBXSourcesBuildPhase section */
		7C1718AD289DD156000F02AD /* Sources */ = {
			isa = PBXSourcesBuildPhase;
			buildActionMask = 2147483647;
			files = (
				7C17190B289DD267000F02AD /* AppDelegate.swift in Sources */,
				7C17190D289DD267000F02AD /* NavigationRoute.swift in Sources */,
				7C844F3D289EAA8800183693 /* SearchRepository.swift in Sources */,
				7C17190E289DD267000F02AD /* Route.swift in Sources */,
				7C844F50289EAEDE00183693 /* MockNetworkManager.swift in Sources */,
				7C171913289DD267000F02AD /* SearchViewModel.swift in Sources */,
				7C171901289DD267000F02AD /* NetworkManager.swift in Sources */,
				7C171919289DD267000F02AD /* BookDetailsViewController.swift in Sources */,
				7C171911289DD267000F02AD /* MainScreenNavigationRoutes.swift in Sources */,
				7C171908289DD267000F02AD /* BookCollectionViewCell.swift in Sources */,
				7C1718FE289DD267000F02AD /* RealmManager.swift in Sources */,
				7C171907289DD267000F02AD /* ResponseType.swift in Sources */,
				7C1718FF289DD267000F02AD /* LastSearchModel.swift in Sources */,
				7C17190C289DD267000F02AD /* SceneDelegate.swift in Sources */,
				7C171905289DD267000F02AD /* NetworkServiceProtocol.swift in Sources */,
				7C171902289DD267000F02AD /* BooksResponse.swift in Sources */,
				7C171916289DD267000F02AD /* SearchViewController.swift in Sources */,
				7C844F52289EAF7F00183693 /* MockRealmManager.swift in Sources */,
				7C171918289DD267000F02AD /* BookDetailsViewModel.swift in Sources */,
				7C171900289DD267000F02AD /* NetworkRouter.swift in Sources */,
				7C171912289DD267000F02AD /* MainViewController.swift in Sources */,
				7C171915289DD267000F02AD /* SearchScreenNavigationRoutes.swift in Sources */,
				7C171904289DD267000F02AD /* DatabaseProtocol.swift in Sources */,
				7C17190F289DD267000F02AD /* MainViewModel.swift in Sources */,
				7C844F39289EA83F00183693 /* MainScreenRepository.swift in Sources */,
				7C17191A289DD267000F02AD /* Constants.swift in Sources */,
			);
			runOnlyForDeploymentPostprocessing = 0;
		};
		7C844F3E289EAE6200183693 /* Sources */ = {
			isa = PBXSourcesBuildPhase;
			buildActionMask = 2147483647;
			files = (
				7C844F63289EC18E00183693 /* RealDatabaseTests.swift in Sources */,
				7C844F5A289EC13600183693 /* SearchViewModelTests.swift in Sources */,
				7C844F58289EC04200183693 /* MainViewModelTests.swift in Sources */,
				7C844F5F289EC17600183693 /* RealNetworkTests.swift in Sources */,
				7C844F5C289EC16900183693 /* MockNetworkTests.swift in Sources */,
				7C844F61289EC18500183693 /* MockDatabaseTests.swift in Sources */,
			);
			runOnlyForDeploymentPostprocessing = 0;
		};
/* End PBXSourcesBuildPhase section */

/* Begin PBXTargetDependency section */
		7C844F47289EAE6200183693 /* PBXTargetDependency */ = {
			isa = PBXTargetDependency;
			target = 7C1718B0289DD156000F02AD /* TheChefzTask-Final */;
			targetProxy = 7C844F46289EAE6200183693 /* PBXContainerItemProxy */;
		};
/* End PBXTargetDependency section */

/* Begin PBXVariantGroup section */
		7C1718DD289DD266000F02AD /* LaunchScreen.storyboard */ = {
			isa = PBXVariantGroup;
			children = (
				7C1718DE289DD266000F02AD /* Base */,
			);
			name = LaunchScreen.storyboard;
			sourceTree = "<group>";
		};
		7C1718E8289DD266000F02AD /* Main.storyboard */ = {
			isa = PBXVariantGroup;
			children = (
				7C1718E9289DD266000F02AD /* Base */,
			);
			name = Main.storyboard;
			sourceTree = "<group>";
		};
/* End PBXVariantGroup section */

/* Begin XCBuildConfiguration section */
		7C1718C3289DD157000F02AD /* Debug */ = {
			isa = XCBuildConfiguration;
			buildSettings = {
				ALWAYS_SEARCH_USER_PATHS = NO;
				CLANG_ANALYZER_NONNULL = YES;
				CLANG_ANALYZER_NUMBER_OBJECT_CONVERSION = YES_AGGRESSIVE;
				CLANG_CXX_LANGUAGE_STANDARD = "gnu++17";
				CLANG_ENABLE_MODULES = YES;
				CLANG_ENABLE_OBJC_ARC = YES;
				CLANG_ENABLE_OBJC_WEAK = YES;
				CLANG_WARN_BLOCK_CAPTURE_AUTORELEASING = YES;
				CLANG_WARN_BOOL_CONVERSION = YES;
				CLANG_WARN_COMMA = YES;
				CLANG_WARN_CONSTANT_CONVERSION = YES;
				CLANG_WARN_DEPRECATED_OBJC_IMPLEMENTATIONS = YES;
				CLANG_WARN_DIRECT_OBJC_ISA_USAGE = YES_ERROR;
				CLANG_WARN_DOCUMENTATION_COMMENTS = YES;
				CLANG_WARN_EMPTY_BODY = YES;
				CLANG_WARN_ENUM_CONVERSION = YES;
				CLANG_WARN_INFINITE_RECURSION = YES;
				CLANG_WARN_INT_CONVERSION = YES;
				CLANG_WARN_NON_LITERAL_NULL_CONVERSION = YES;
				CLANG_WARN_OBJC_IMPLICIT_RETAIN_SELF = YES;
				CLANG_WARN_OBJC_LITERAL_CONVERSION = YES;
				CLANG_WARN_OBJC_ROOT_CLASS = YES_ERROR;
				CLANG_WARN_QUOTED_INCLUDE_IN_FRAMEWORK_HEADER = YES;
				CLANG_WARN_RANGE_LOOP_ANALYSIS = YES;
				CLANG_WARN_STRICT_PROTOTYPES = YES;
				CLANG_WARN_SUSPICIOUS_MOVE = YES;
				CLANG_WARN_UNGUARDED_AVAILABILITY = YES_AGGRESSIVE;
				CLANG_WARN_UNREACHABLE_CODE = YES;
				CLANG_WARN__DUPLICATE_METHOD_MATCH = YES;
				COPY_PHASE_STRIP = NO;
				DEBUG_INFORMATION_FORMAT = dwarf;
				ENABLE_STRICT_OBJC_MSGSEND = YES;
				ENABLE_TESTABILITY = YES;
				GCC_C_LANGUAGE_STANDARD = gnu11;
				GCC_DYNAMIC_NO_PIC = NO;
				GCC_NO_COMMON_BLOCKS = YES;
				GCC_OPTIMIZATION_LEVEL = 0;
				GCC_PREPROCESSOR_DEFINITIONS = (
					"DEBUG=1",
					"$(inherited)",
				);
				GCC_WARN_64_TO_32_BIT_CONVERSION = YES;
				GCC_WARN_ABOUT_RETURN_TYPE = YES_ERROR;
				GCC_WARN_UNDECLARED_SELECTOR = YES;
				GCC_WARN_UNINITIALIZED_AUTOS = YES_AGGRESSIVE;
				GCC_WARN_UNUSED_FUNCTION = YES;
				GCC_WARN_UNUSED_VARIABLE = YES;
				IPHONEOS_DEPLOYMENT_TARGET = 15.5;
				MTL_ENABLE_DEBUG_INFO = INCLUDE_SOURCE;
				MTL_FAST_MATH = YES;
				ONLY_ACTIVE_ARCH = YES;
				SDKROOT = iphoneos;
				SWIFT_ACTIVE_COMPILATION_CONDITIONS = DEBUG;
				SWIFT_OPTIMIZATION_LEVEL = "-Onone";
			};
			name = Debug;
		};
		7C1718C4289DD157000F02AD /* Release */ = {
			isa = XCBuildConfiguration;
			buildSettings = {
				ALWAYS_SEARCH_USER_PATHS = NO;
				CLANG_ANALYZER_NONNULL = YES;
				CLANG_ANALYZER_NUMBER_OBJECT_CONVERSION = YES_AGGRESSIVE;
				CLANG_CXX_LANGUAGE_STANDARD = "gnu++17";
				CLANG_ENABLE_MODULES = YES;
				CLANG_ENABLE_OBJC_ARC = YES;
				CLANG_ENABLE_OBJC_WEAK = YES;
				CLANG_WARN_BLOCK_CAPTURE_AUTORELEASING = YES;
				CLANG_WARN_BOOL_CONVERSION = YES;
				CLANG_WARN_COMMA = YES;
				CLANG_WARN_CONSTANT_CONVERSION = YES;
				CLANG_WARN_DEPRECATED_OBJC_IMPLEMENTATIONS = YES;
				CLANG_WARN_DIRECT_OBJC_ISA_USAGE = YES_ERROR;
				CLANG_WARN_DOCUMENTATION_COMMENTS = YES;
				CLANG_WARN_EMPTY_BODY = YES;
				CLANG_WARN_ENUM_CONVERSION = YES;
				CLANG_WARN_INFINITE_RECURSION = YES;
				CLANG_WARN_INT_CONVERSION = YES;
				CLANG_WARN_NON_LITERAL_NULL_CONVERSION = YES;
				CLANG_WARN_OBJC_IMPLICIT_RETAIN_SELF = YES;
				CLANG_WARN_OBJC_LITERAL_CONVERSION = YES;
				CLANG_WARN_OBJC_ROOT_CLASS = YES_ERROR;
				CLANG_WARN_QUOTED_INCLUDE_IN_FRAMEWORK_HEADER = YES;
				CLANG_WARN_RANGE_LOOP_ANALYSIS = YES;
				CLANG_WARN_STRICT_PROTOTYPES = YES;
				CLANG_WARN_SUSPICIOUS_MOVE = YES;
				CLANG_WARN_UNGUARDED_AVAILABILITY = YES_AGGRESSIVE;
				CLANG_WARN_UNREACHABLE_CODE = YES;
				CLANG_WARN__DUPLICATE_METHOD_MATCH = YES;
				COPY_PHASE_STRIP = NO;
				DEBUG_INFORMATION_FORMAT = "dwarf-with-dsym";
				ENABLE_NS_ASSERTIONS = NO;
				ENABLE_STRICT_OBJC_MSGSEND = YES;
				GCC_C_LANGUAGE_STANDARD = gnu11;
				GCC_NO_COMMON_BLOCKS = YES;
				GCC_WARN_64_TO_32_BIT_CONVERSION = YES;
				GCC_WARN_ABOUT_RETURN_TYPE = YES_ERROR;
				GCC_WARN_UNDECLARED_SELECTOR = YES;
				GCC_WARN_UNINITIALIZED_AUTOS = YES_AGGRESSIVE;
				GCC_WARN_UNUSED_FUNCTION = YES;
				GCC_WARN_UNUSED_VARIABLE = YES;
				IPHONEOS_DEPLOYMENT_TARGET = 15.5;
				MTL_ENABLE_DEBUG_INFO = NO;
				MTL_FAST_MATH = YES;
				SDKROOT = iphoneos;
				SWIFT_COMPILATION_MODE = wholemodule;
				SWIFT_OPTIMIZATION_LEVEL = "-O";
				VALIDATE_PRODUCT = YES;
			};
			name = Release;
		};
		7C1718C6289DD157000F02AD /* Debug */ = {
			isa = XCBuildConfiguration;
			baseConfigurationReference = 6107F7B6446EBA683CBA700F /* Pods-TheChefzTask-Final.debug.xcconfig */;
			buildSettings = {
				ASSETCATALOG_COMPILER_APPICON_NAME = AppIcon;
				ASSETCATALOG_COMPILER_GLOBAL_ACCENT_COLOR_NAME = AccentColor;
				CODE_SIGN_STYLE = Automatic;
				CURRENT_PROJECT_VERSION = 1;
				DEVELOPMENT_TEAM = NF6L68DRU6;
				GENERATE_INFOPLIST_FILE = YES;
				INFOPLIST_FILE = "TheChefzTask-Final/Info.plist";
				INFOPLIST_KEY_UIApplicationSupportsIndirectInputEvents = YES;
				INFOPLIST_KEY_UILaunchStoryboardName = LaunchScreen;
				INFOPLIST_KEY_UIMainStoryboardFile = Main;
				INFOPLIST_KEY_UISupportedInterfaceOrientations_iPad = "UIInterfaceOrientationPortrait UIInterfaceOrientationPortraitUpsideDown UIInterfaceOrientationLandscapeLeft UIInterfaceOrientationLandscapeRight";
				INFOPLIST_KEY_UISupportedInterfaceOrientations_iPhone = "UIInterfaceOrientationPortrait UIInterfaceOrientationLandscapeLeft UIInterfaceOrientationLandscapeRight";
				LD_RUNPATH_SEARCH_PATHS = (
					"$(inherited)",
					"@executable_path/Frameworks",
				);
				MARKETING_VERSION = 1.0;
				PRODUCT_BUNDLE_IDENTIFIER = "iNoor.TheChefzTask-Final";
				PRODUCT_NAME = "$(TARGET_NAME)";
				SWIFT_EMIT_LOC_STRINGS = YES;
				SWIFT_VERSION = 5.0;
				TARGETED_DEVICE_FAMILY = "1,2";
			};
			name = Debug;
		};
		7C1718C7289DD157000F02AD /* Release */ = {
			isa = XCBuildConfiguration;
			baseConfigurationReference = A2BC1847B1FBBACC2E8D1244 /* Pods-TheChefzTask-Final.release.xcconfig */;
			buildSettings = {
				ASSETCATALOG_COMPILER_APPICON_NAME = AppIcon;
				ASSETCATALOG_COMPILER_GLOBAL_ACCENT_COLOR_NAME = AccentColor;
				CODE_SIGN_STYLE = Automatic;
				CURRENT_PROJECT_VERSION = 1;
				DEVELOPMENT_TEAM = NF6L68DRU6;
				GENERATE_INFOPLIST_FILE = YES;
				INFOPLIST_FILE = "TheChefzTask-Final/Info.plist";
				INFOPLIST_KEY_UIApplicationSupportsIndirectInputEvents = YES;
				INFOPLIST_KEY_UILaunchStoryboardName = LaunchScreen;
				INFOPLIST_KEY_UIMainStoryboardFile = Main;
				INFOPLIST_KEY_UISupportedInterfaceOrientations_iPad = "UIInterfaceOrientationPortrait UIInterfaceOrientationPortraitUpsideDown UIInterfaceOrientationLandscapeLeft UIInterfaceOrientationLandscapeRight";
				INFOPLIST_KEY_UISupportedInterfaceOrientations_iPhone = "UIInterfaceOrientationPortrait UIInterfaceOrientationLandscapeLeft UIInterfaceOrientationLandscapeRight";
				LD_RUNPATH_SEARCH_PATHS = (
					"$(inherited)",
					"@executable_path/Frameworks",
				);
				MARKETING_VERSION = 1.0;
				PRODUCT_BUNDLE_IDENTIFIER = "iNoor.TheChefzTask-Final";
				PRODUCT_NAME = "$(TARGET_NAME)";
				SWIFT_EMIT_LOC_STRINGS = YES;
				SWIFT_VERSION = 5.0;
				TARGETED_DEVICE_FAMILY = "1,2";
			};
			name = Release;
		};
		7C844F49289EAE6200183693 /* Debug */ = {
			isa = XCBuildConfiguration;
			buildSettings = {
				BUNDLE_LOADER = "$(TEST_HOST)";
				CODE_SIGN_STYLE = Automatic;
				CURRENT_PROJECT_VERSION = 1;
				DEVELOPMENT_TEAM = NF6L68DRU6;
				GENERATE_INFOPLIST_FILE = YES;
				MARKETING_VERSION = 1.0;
				PRODUCT_BUNDLE_IDENTIFIER = "iNoor.TheChefzTask-FinalTests";
				PRODUCT_NAME = "$(TARGET_NAME)";
				SWIFT_EMIT_LOC_STRINGS = NO;
				SWIFT_VERSION = 5.0;
				TARGETED_DEVICE_FAMILY = "1,2";
				TEST_HOST = "$(BUILT_PRODUCTS_DIR)/TheChefzTask-Final.app/TheChefzTask-Final";
			};
			name = Debug;
		};
		7C844F4A289EAE6200183693 /* Release */ = {
			isa = XCBuildConfiguration;
			buildSettings = {
				BUNDLE_LOADER = "$(TEST_HOST)";
				CODE_SIGN_STYLE = Automatic;
				CURRENT_PROJECT_VERSION = 1;
				DEVELOPMENT_TEAM = NF6L68DRU6;
				GENERATE_INFOPLIST_FILE = YES;
				MARKETING_VERSION = 1.0;
				PRODUCT_BUNDLE_IDENTIFIER = "iNoor.TheChefzTask-FinalTests";
				PRODUCT_NAME = "$(TARGET_NAME)";
				SWIFT_EMIT_LOC_STRINGS = NO;
				SWIFT_VERSION = 5.0;
				TARGETED_DEVICE_FAMILY = "1,2";
				TEST_HOST = "$(BUILT_PRODUCTS_DIR)/TheChefzTask-Final.app/TheChefzTask-Final";
			};
			name = Release;
		};
/* End XCBuildConfiguration section */

/* Begin XCConfigurationList section */
		7C1718AC289DD156000F02AD /* Build configuration list for PBXProject "TheChefzTask-Final" */ = {
			isa = XCConfigurationList;
			buildConfigurations = (
				7C1718C3289DD157000F02AD /* Debug */,
				7C1718C4289DD157000F02AD /* Release */,
			);
			defaultConfigurationIsVisible = 0;
			defaultConfigurationName = Release;
		};
		7C1718C5289DD157000F02AD /* Build configuration list for PBXNativeTarget "TheChefzTask-Final" */ = {
			isa = XCConfigurationList;
			buildConfigurations = (
				7C1718C6289DD157000F02AD /* Debug */,
				7C1718C7289DD157000F02AD /* Release */,
			);
			defaultConfigurationIsVisible = 0;
			defaultConfigurationName = Release;
		};
		7C844F48289EAE6200183693 /* Build configuration list for PBXNativeTarget "TheChefzTask-FinalTests" */ = {
			isa = XCConfigurationList;
			buildConfigurations = (
				7C844F49289EAE6200183693 /* Debug */,
				7C844F4A289EAE6200183693 /* Release */,
			);
			defaultConfigurationIsVisible = 0;
			defaultConfigurationName = Release;
		};
/* End XCConfigurationList section */
	};
	rootObject = 7C1718A9289DD156000F02AD /* Project object */;
}
